
Microsoft Visual Studio Solution File, Format Version 12.00
# Visual Studio Version 16
VisualStudioVersion = 16.0.28803.452
MinimumVisualStudioVersion = 10.0.40219.1
Project("{FAE04EC0-301F-11D3-BF4B-00C04F79EFBC}") = "HabitatBuddy.Android", "HabitatBuddy\HabitatBuddy.Android\HabitatBuddy.Android.csproj", "{B0149761-A8E8-459C-9BC7-320F95644467}"
EndProject
Project("{FAE04EC0-301F-11D3-BF4B-00C04F79EFBC}") = "HabitatBuddy.iOS", "HabitatBuddy\HabitatBuddy.iOS\HabitatBuddy.iOS.csproj", "{947337FC-F07C-404E-A903-435540A90CC6}"
EndProject
Project("{FAE04EC0-301F-11D3-BF4B-00C04F79EFBC}") = "HabitatBuddy.UWP", "HabitatBuddy\HabitatBuddy.UWP\HabitatBuddy.UWP.csproj", "{263C20CE-7AE0-43C4-9CE1-9EB4C392251A}"
EndProject
Project("{9A19103F-16F7-4668-BE54-9A1E7A4F7556}") = "HabitatBuddy", "HabitatBuddy\HabitatBuddy\HabitatBuddy.csproj", "{1CB7CB33-671E-4630-A946-16B38D6E69A4}"
EndProject
Global
	GlobalSection(SolutionConfigurationPlatforms) = preSolution
		Debug|Any CPU = Debug|Any CPU
		Debug|ARM = Debug|ARM
		Debug|iPhone = Debug|iPhone
		Debug|iPhoneSimulator = Debug|iPhoneSimulator
		Debug|x64 = Debug|x64
		Debug|x86 = Debug|x86
		Release|Any CPU = Release|Any CPU
		Release|ARM = Release|ARM
		Release|iPhone = Release|iPhone
		Release|iPhoneSimulator = Release|iPhoneSimulator
		Release|x64 = Release|x64
		Release|x86 = Release|x86
	EndGlobalSection
	GlobalSection(ProjectConfigurationPlatforms) = postSolution
		{B0149761-A8E8-459C-9BC7-320F95644467}.Debug|Any CPU.ActiveCfg = Debug|Any CPU
		{B0149761-A8E8-459C-9BC7-320F95644467}.Debug|Any CPU.Build.0 = Debug|Any CPU
		{B0149761-A8E8-459C-9BC7-320F95644467}.Debug|Any CPU.Deploy.0 = Debug|Any CPU
		{B0149761-A8E8-459C-9BC7-320F95644467}.Debug|ARM.ActiveCfg = Debug|Any CPU
		{B0149761-A8E8-459C-9BC7-320F95644467}.Debug|ARM.Build.0 = Debug|Any CPU
		{B0149761-A8E8-459C-9BC7-320F95644467}.Debug|ARM.Deploy.0 = Debug|Any CPU
		{B0149761-A8E8-459C-9BC7-320F95644467}.Debug|iPhone.ActiveCfg = Debug|Any CPU
		{B0149761-A8E8-459C-9BC7-320F95644467}.Debug|iPhone.Build.0 = Debug|Any CPU
		{B0149761-A8E8-459C-9BC7-320F95644467}.Debug|iPhone.Deploy.0 = Debug|Any CPU
		{B0149761-A8E8-459C-9BC7-320F95644467}.Debug|iPhoneSimulator.ActiveCfg = Debug|Any CPU
		{B0149761-A8E8-459C-9BC7-320F95644467}.Debug|iPhoneSimulator.Build.0 = Debug|Any CPU
		{B0149761-A8E8-459C-9BC7-320F95644467}.Debug|iPhoneSimulator.Deploy.0 = Debug|Any CPU
		{B0149761-A8E8-459C-9BC7-320F95644467}.Debug|x64.ActiveCfg = Debug|Any CPU
		{B0149761-A8E8-459C-9BC7-320F95644467}.Debug|x64.Build.0 = Debug|Any CPU
		{B0149761-A8E8-459C-9BC7-320F95644467}.Debug|x64.Deploy.0 = Debug|Any CPU
		{B0149761-A8E8-459C-9BC7-320F95644467}.Debug|x86.ActiveCfg = Debug|Any CPU
		{B0149761-A8E8-459C-9BC7-320F95644467}.Debug|x86.Build.0 = Debug|Any CPU
		{B0149761-A8E8-459C-9BC7-320F95644467}.Debug|x86.Deploy.0 = Debug|Any CPU
		{B0149761-A8E8-459C-9BC7-320F95644467}.Release|Any CPU.ActiveCfg = Release|Any CPU
		{B0149761-A8E8-459C-9BC7-320F95644467}.Release|Any CPU.Build.0 = Release|Any CPU
		{B0149761-A8E8-459C-9BC7-320F95644467}.Release|Any CPU.Deploy.0 = Release|Any CPU
		{B0149761-A8E8-459C-9BC7-320F95644467}.Release|ARM.ActiveCfg = Release|Any CPU
		{B0149761-A8E8-459C-9BC7-320F95644467}.Release|ARM.Build.0 = Release|Any CPU
		{B0149761-A8E8-459C-9BC7-320F95644467}.Release|ARM.Deploy.0 = Release|Any CPU
		{B0149761-A8E8-459C-9BC7-320F95644467}.Release|iPhone.ActiveCfg = Release|Any CPU
		{B0149761-A8E8-459C-9BC7-320F95644467}.Release|iPhone.Build.0 = Release|Any CPU
		{B0149761-A8E8-459C-9BC7-320F95644467}.Release|iPhone.Deploy.0 = Release|Any CPU
		{B0149761-A8E8-459C-9BC7-320F95644467}.Release|iPhoneSimulator.ActiveCfg = Release|Any CPU
		{B0149761-A8E8-459C-9BC7-320F95644467}.Release|iPhoneSimulator.Build.0 = Release|Any CPU
		{B0149761-A8E8-459C-9BC7-320F95644467}.Release|iPhoneSimulator.Deploy.0 = Release|Any CPU
		{B0149761-A8E8-459C-9BC7-320F95644467}.Release|x64.ActiveCfg = Release|Any CPU
		{B0149761-A8E8-459C-9BC7-320F95644467}.Release|x64.Build.0 = Release|Any CPU
		{B0149761-A8E8-459C-9BC7-320F95644467}.Release|x64.Deploy.0 = Release|Any CPU
		{B0149761-A8E8-459C-9BC7-320F95644467}.Release|x86.ActiveCfg = Release|Any CPU
		{B0149761-A8E8-459C-9BC7-320F95644467}.Release|x86.Build.0 = Release|Any CPU
		{B0149761-A8E8-459C-9BC7-320F95644467}.Release|x86.Deploy.0 = Release|Any CPU
		{947337FC-F07C-404E-A903-435540A90CC6}.Debug|Any CPU.ActiveCfg = Debug|iPhoneSimulator
		{947337FC-F07C-404E-A903-435540A90CC6}.Debug|Any CPU.Build.0 = Debug|iPhoneSimulator
		{947337FC-F07C-404E-A903-435540A90CC6}.Debug|Any CPU.Deploy.0 = Debug|iPhoneSimulator
		{947337FC-F07C-404E-A903-435540A90CC6}.Debug|ARM.ActiveCfg = Debug|iPhone
		{947337FC-F07C-404E-A903-435540A90CC6}.Debug|ARM.Build.0 = Debug|iPhone
		{947337FC-F07C-404E-A903-435540A90CC6}.Debug|ARM.Deploy.0 = Debug|iPhone
		{947337FC-F07C-404E-A903-435540A90CC6}.Debug|iPhone.ActiveCfg = Debug|iPhone
		{947337FC-F07C-404E-A903-435540A90CC6}.Debug|iPhone.Build.0 = Debug|iPhone
		{947337FC-F07C-404E-A903-435540A90CC6}.Debug|iPhone.Deploy.0 = Debug|iPhone
		{947337FC-F07C-404E-A903-435540A90CC6}.Debug|iPhoneSimulator.ActiveCfg = Debug|iPhoneSimulator
		{947337FC-F07C-404E-A903-435540A90CC6}.Debug|iPhoneSimulator.Build.0 = Debug|iPhoneSimulator
		{947337FC-F07C-404E-A903-435540A90CC6}.Debug|iPhoneSimulator.Deploy.0 = Debug|iPhoneSimulator
		{947337FC-F07C-404E-A903-435540A90CC6}.Debug|x64.ActiveCfg = Debug|iPhone
		{947337FC-F07C-404E-A903-435540A90CC6}.Debug|x64.Build.0 = Debug|iPhone
		{947337FC-F07C-404E-A903-435540A90CC6}.Debug|x64.Deploy.0 = Debug|iPhone
		{947337FC-F07C-404E-A903-435540A90CC6}.Debug|x86.ActiveCfg = Debug|iPhone
		{947337FC-F07C-404E-A903-435540A90CC6}.Debug|x86.Build.0 = Debug|iPhone
		{947337FC-F07C-404E-A903-435540A90CC6}.Debug|x86.Deploy.0 = Debug|iPhone
		{947337FC-F07C-404E-A903-435540A90CC6}.Release|Any CPU.ActiveCfg = Release|iPhone
		{947337FC-F07C-404E-A903-435540A90CC6}.Release|Any CPU.Build.0 = Release|iPhone
		{947337FC-F07C-404E-A903-435540A90CC6}.Release|Any CPU.Deploy.0 = Release|iPhone
		{947337FC-F07C-404E-A903-435540A90CC6}.Release|ARM.ActiveCfg = Release|iPhone
		{947337FC-F07C-404E-A903-435540A90CC6}.Release|ARM.Build.0 = Release|iPhone
		{947337FC-F07C-404E-A903-435540A90CC6}.Release|ARM.Deploy.0 = Release|iPhone
		{947337FC-F07C-404E-A903-435540A90CC6}.Release|iPhone.ActiveCfg = Release|iPhone
		{947337FC-F07C-404E-A903-435540A90CC6}.Release|iPhone.Build.0 = Release|iPhone
		{947337FC-F07C-404E-A903-435540A90CC6}.Release|iPhone.Deploy.0 = Release|iPhone
		{947337FC-F07C-404E-A903-435540A90CC6}.Release|iPhoneSimulator.ActiveCfg = Release|iPhoneSimulator
		{947337FC-F07C-404E-A903-435540A90CC6}.Release|iPhoneSimulator.Build.0 = Release|iPhoneSimulator
		{947337FC-F07C-404E-A903-435540A90CC6}.Release|iPhoneSimulator.Deploy.0 = Release|iPhoneSimulator
		{947337FC-F07C-404E-A903-435540A90CC6}.Release|x64.ActiveCfg = Release|iPhone
		{947337FC-F07C-404E-A903-435540A90CC6}.Release|x64.Build.0 = Release|iPhone
		{947337FC-F07C-404E-A903-435540A90CC6}.Release|x64.Deploy.0 = Release|iPhone
		{947337FC-F07C-404E-A903-435540A90CC6}.Release|x86.ActiveCfg = Release|iPhone
		{947337FC-F07C-404E-A903-435540A90CC6}.Release|x86.Build.0 = Release|iPhone
		{947337FC-F07C-404E-A903-435540A90CC6}.Release|x86.Deploy.0 = Release|iPhone
		{263C20CE-7AE0-43C4-9CE1-9EB4C392251A}.Debug|Any CPU.ActiveCfg = Debug|x86
		{263C20CE-7AE0-43C4-9CE1-9EB4C392251A}.Debug|Any CPU.Build.0 = Debug|x86
		{263C20CE-7AE0-43C4-9CE1-9EB4C392251A}.Debug|Any CPU.Deploy.0 = Debug|x86
		{263C20CE-7AE0-43C4-9CE1-9EB4C392251A}.Debug|ARM.ActiveCfg = Debug|ARM
		{263C20CE-7AE0-43C4-9CE1-9EB4C392251A}.Debug|ARM.Build.0 = Debug|ARM
		{263C20CE-7AE0-43C4-9CE1-9EB4C392251A}.Debug|ARM.Deploy.0 = Debug|ARM
		{263C20CE-7AE0-43C4-9CE1-9EB4C392251A}.Debug|iPhone.ActiveCfg = Debug|x86
		{263C20CE-7AE0-43C4-9CE1-9EB4C392251A}.Debug|iPhone.Build.0 = Debug|x86
		{263C20CE-7AE0-43C4-9CE1-9EB4C392251A}.Debug|iPhone.Deploy.0 = Debug|x86
		{263C20CE-7AE0-43C4-9CE1-9EB4C392251A}.Debug|iPhoneSimulator.ActiveCfg = Debug|x86
		{263C20CE-7AE0-43C4-9CE1-9EB4C392251A}.Debug|iPhoneSimulator.Build.0 = Debug|x86
		{263C20CE-7AE0-43C4-9CE1-9EB4C392251A}.Debug|iPhoneSimulator.Deploy.0 = Debug|x86
		{263C20CE-7AE0-43C4-9CE1-9EB4C392251A}.Debug|x64.ActiveCfg = Debug|x64
		{263C20CE-7AE0-43C4-9CE1-9EB4C392251A}.Debug|x64.Build.0 = Debug|x64
		{263C20CE-7AE0-43C4-9CE1-9EB4C392251A}.Debug|x64.Deploy.0 = Debug|x64
		{263C20CE-7AE0-43C4-9CE1-9EB4C392251A}.Debug|x86.ActiveCfg = Debug|x86
		{263C20CE-7AE0-43C4-9CE1-9EB4C392251A}.Debug|x86.Build.0 = Debug|x86
		{263C20CE-7AE0-43C4-9CE1-9EB4C392251A}.Debug|x86.Deploy.0 = Debug|x86
		{263C20CE-7AE0-43C4-9CE1-9EB4C392251A}.Release|Any CPU.ActiveCfg = Release|x86
		{263C20CE-7AE0-43C4-9CE1-9EB4C392251A}.Release|Any CPU.Build.0 = Release|x86
		{263C20CE-7AE0-43C4-9CE1-9EB4C392251A}.Release|Any CPU.Deploy.0 = Release|x86
		{263C20CE-7AE0-43C4-9CE1-9EB4C392251A}.Release|ARM.ActiveCfg = Release|ARM
		{263C20CE-7AE0-43C4-9CE1-9EB4C392251A}.Release|ARM.Build.0 = Release|ARM
		{263C20CE-7AE0-43C4-9CE1-9EB4C392251A}.Release|ARM.Deploy.0 = Release|ARM
		{263C20CE-7AE0-43C4-9CE1-9EB4C392251A}.Release|iPhone.ActiveCfg = Release|x86
		{263C20CE-7AE0-43C4-9CE1-9EB4C392251A}.Release|iPhone.Build.0 = Release|x86
		{263C20CE-7AE0-43C4-9CE1-9EB4C392251A}.Release|iPhone.Deploy.0 = Release|x86
		{263C20CE-7AE0-43C4-9CE1-9EB4C392251A}.Release|iPhoneSimulator.ActiveCfg = Release|x86
		{263C20CE-7AE0-43C4-9CE1-9EB4C392251A}.Release|iPhoneSimulator.Build.0 = Release|x86
		{263C20CE-7AE0-43C4-9CE1-9EB4C392251A}.Release|iPhoneSimulator.Deploy.0 = Release|x86
		{263C20CE-7AE0-43C4-9CE1-9EB4C392251A}.Release|x64.ActiveCfg = Release|x64
		{263C20CE-7AE0-43C4-9CE1-9EB4C392251A}.Release|x64.Build.0 = Release|x64
		{263C20CE-7AE0-43C4-9CE1-9EB4C392251A}.Release|x64.Deploy.0 = Release|x64
		{263C20CE-7AE0-43C4-9CE1-9EB4C392251A}.Release|x86.ActiveCfg = Release|x86
		{263C20CE-7AE0-43C4-9CE1-9EB4C392251A}.Release|x86.Build.0 = Release|x86
		{263C20CE-7AE0-43C4-9CE1-9EB4C392251A}.Release|x86.Deploy.0 = Release|x86
		{1CB7CB33-671E-4630-A946-16B38D6E69A4}.Debug|Any CPU.ActiveCfg = Debug|Any CPU
		{1CB7CB33-671E-4630-A946-16B38D6E69A4}.Debug|Any CPU.Build.0 = Debug|Any CPU
		{1CB7CB33-671E-4630-A946-16B38D6E69A4}.Debug|Any CPU.Deploy.0 = Debug|Any CPU
		{1CB7CB33-671E-4630-A946-16B38D6E69A4}.Debug|ARM.ActiveCfg = Debug|Any CPU
		{1CB7CB33-671E-4630-A946-16B38D6E69A4}.Debug|ARM.Build.0 = Debug|Any CPU
		{1CB7CB33-671E-4630-A946-16B38D6E69A4}.Debug|ARM.Deploy.0 = Debug|Any CPU
		{1CB7CB33-671E-4630-A946-16B38D6E69A4}.Debug|iPhone.ActiveCfg = Debug|Any CPU
		{1CB7CB33-671E-4630-A946-16B38D6E69A4}.Debug|iPhone.Build.0 = Debug|Any CPU
		{1CB7CB33-671E-4630-A946-16B38D6E69A4}.Debug|iPhone.Deploy.0 = Debug|Any CPU
		{1CB7CB33-671E-4630-A946-16B38D6E69A4}.Debug|iPhoneSimulator.ActiveCfg = Debug|Any CPU
		{1CB7CB33-671E-4630-A946-16B38D6E69A4}.Debug|iPhoneSimulator.Build.0 = Debug|Any CPU
		{1CB7CB33-671E-4630-A946-16B38D6E69A4}.Debug|iPhoneSimulator.Deploy.0 = Debug|Any CPU
		{1CB7CB33-671E-4630-A946-16B38D6E69A4}.Debug|x64.ActiveCfg = Debug|Any CPU
		{1CB7CB33-671E-4630-A946-16B38D6E69A4}.Debug|x64.Build.0 = Debug|Any CPU
		{1CB7CB33-671E-4630-A946-16B38D6E69A4}.Debug|x64.Deploy.0 = Debug|Any CPU
		{1CB7CB33-671E-4630-A946-16B38D6E69A4}.Debug|x86.ActiveCfg = Debug|Any CPU
		{1CB7CB33-671E-4630-A946-16B38D6E69A4}.Debug|x86.Build.0 = Debug|Any CPU
		{1CB7CB33-671E-4630-A946-16B38D6E69A4}.Debug|x86.Deploy.0 = Debug|Any CPU
		{1CB7CB33-671E-4630-A946-16B38D6E69A4}.Release|Any CPU.ActiveCfg = Release|Any CPU
		{1CB7CB33-671E-4630-A946-16B38D6E69A4}.Release|Any CPU.Build.0 = Release|Any CPU
		{1CB7CB33-671E-4630-A946-16B38D6E69A4}.Release|Any CPU.Deploy.0 = Release|Any CPU
		{1CB7CB33-671E-4630-A946-16B38D6E69A4}.Release|ARM.ActiveCfg = Release|Any CPU
		{1CB7CB33-671E-4630-A946-16B38D6E69A4}.Release|ARM.Build.0 = Release|Any CPU
		{1CB7CB33-671E-4630-A946-16B38D6E69A4}.Release|ARM.Deploy.0 = Release|Any CPU
		{1CB7CB33-671E-4630-A946-16B38D6E69A4}.Release|iPhone.ActiveCfg = Release|Any CPU
		{1CB7CB33-671E-4630-A946-16B38D6E69A4}.Release|iPhone.Build.0 = Release|Any CPU
		{1CB7CB33-671E-4630-A946-16B38D6E69A4}.Release|iPhone.Deploy.0 = Release|Any CPU
		{1CB7CB33-671E-4630-A946-16B38D6E69A4}.Release|iPhoneSimulator.ActiveCfg = Release|Any CPU
		{1CB7CB33-671E-4630-A946-16B38D6E69A4}.Release|iPhoneSimulator.Build.0 = Release|Any CPU
		{1CB7CB33-671E-4630-A946-16B38D6E69A4}.Release|iPhoneSimulator.Deploy.0 = Release|Any CPU
		{1CB7CB33-671E-4630-A946-16B38D6E69A4}.Release|x64.ActiveCfg = Release|Any CPU
		{1CB7CB33-671E-4630-A946-16B38D6E69A4}.Release|x64.Build.0 = Release|Any CPU
		{1CB7CB33-671E-4630-A946-16B38D6E69A4}.Release|x64.Deploy.0 = Release|Any CPU
		{1CB7CB33-671E-4630-A946-16B38D6E69A4}.Release|x86.ActiveCfg = Release|Any CPU
		{1CB7CB33-671E-4630-A946-16B38D6E69A4}.Release|x86.Build.0 = Release|Any CPU
		{1CB7CB33-671E-4630-A946-16B38D6E69A4}.Release|x86.Deploy.0 = Release|Any CPU
	EndGlobalSection
	GlobalSection(SolutionProperties) = preSolution
		HideSolutionNode = FALSE
	EndGlobalSection
	GlobalSection(ExtensibilityGlobals) = postSolution
		SolutionGuid = {27E3A0B3-7F29-46AA-B3A6-3516C9723319}
	EndGlobalSection
EndGlobal
